
Microsoft Visual Studio Solution File, Format Version 12.00
# Visual Studio Version 16
VisualStudioVersion = 16.0.30309.148
MinimumVisualStudioVersion = 10.0.40219.1
Project("{8BC9CEB8-8B4A-11D0-8D11-00A0C91BC942}") = "server", "server\server.vcxproj", "{4ABA77AB-DE77-41FB-8AE6-E54D776EC8E6}"
EndProject
Global
	GlobalSection(SolutionConfigurationPlatforms) = preSolution
		Debug|x64 = Debug|x64
		Debug|x86 = Debug|x86
		Release|x64 = Release|x64
		Release|x86 = Release|x86
	EndGlobalSection
	GlobalSection(ProjectConfigurationPlatforms) = postSolution
		{4ABA77AB-DE77-41FB-8AE6-E54D776EC8E6}.Debug|x64.ActiveCfg = Debug|x64
		{4ABA77AB-DE77-41FB-8AE6-E54D776EC8E6}.Debug|x64.Build.0 = Debug|x64
		{4ABA77AB-DE77-41FB-8AE6-E54D776EC8E6}.Debug|x86.ActiveCfg = Debug|Win32
		{4ABA77AB-DE77-41FB-8AE6-E54D776EC8E6}.Debug|x86.Build.0 = Debug|Win32
		{4ABA77AB-DE77-41FB-8AE6-E54D776EC8E6}.Release|x64.ActiveCfg = Release|x64
		{4ABA77AB-DE77-41FB-8AE6-E54D776EC8E6}.Release|x64.Build.0 = Release|x64
		{4ABA77AB-DE77-41FB-8AE6-E54D776EC8E6}.Release|x86.ActiveCfg = Release|Win32
		{4ABA77AB-DE77-41FB-8AE6-E54D776EC8E6}.Release|x86.Build.0 = Release|Win32
	EndGlobalSection
	GlobalSection(SolutionProperties) = preSolution
		HideSolutionNode = FALSE
	EndGlobalSection
	GlobalSection(ExtensibilityGlobals) = postSolution
		SolutionGuid = {0E71DCC7-89BD-4FA2-8002-8C4A3F3BACD1}
	EndGlobalSection
EndGlobal
